
Microsoft Visual Studio Solution File, Format Version 12.00
# Visual Studio Version 17
VisualStudioVersion = 17.10.35013.160
MinimumVisualStudioVersion = 10.0.40219.1
Project("{9A19103F-16F7-4668-BE54-9A1E7A4F7556}") = "FrontEnd.Web", "FrontEnd.Web\FrontEnd.Web.csproj", "{3D73BFD8-17E9-48A5-BF32-7C535126CE55}"
EndProject
Project("{2150E333-8FDC-42A3-9474-1A3956D46DE8}") = "Solution Items", "Solution Items", "{F6FF314B-9169-4C98-91CA-83F701FA4E5A}"
	ProjectSection(SolutionItems) = preProject
		.github\workflows\deploy.yml = .github\workflows\deploy.yml
		LICENSE.md = LICENSE.md
		README.md = README.md
	EndProjectSection
EndProject
Project("{9A19103F-16F7-4668-BE54-9A1E7A4F7556}") = "DataEditor.Web", "DataEditor.Web\DataEditor.Web.csproj", "{B532FBF2-B1FF-49CD-918D-59A2D3054D51}"
EndProject
Project("{9A19103F-16F7-4668-BE54-9A1E7A4F7556}") = "DataEditor.Core", "DataEditor.Core\DataEditor.Core.csproj", "{C063D6FA-A451-43A1-9B1E-37C8D429F629}"
EndProject
Project("{FAE04EC0-301F-11D3-BF4B-00C04F79EFBC}") = "Data.Core", "Data.Core\Data.Core.csproj", "{388B7CB8-21DB-4E99-ACB6-F215FE0B42CD}"
EndProject
Project("{2150E333-8FDC-42A3-9474-1A3956D46DE8}") = "FrontEnd", "FrontEnd", "{891F02AA-9E12-4D0A-9B38-8F75F97B3EDB}"
EndProject
Project("{2150E333-8FDC-42A3-9474-1A3956D46DE8}") = "DataEditor", "DataEditor", "{068368E1-5F01-44C6-B26C-CEFC4B1CA891}"
EndProject
Project("{FAE04EC0-301F-11D3-BF4B-00C04F79EFBC}") = "FrontEnd.Core", "FrontEnd.Core\FrontEnd.Core.csproj", "{1C19925E-7895-4190-9B19-914CD9E300B8}"
EndProject
Global
	GlobalSection(SolutionConfigurationPlatforms) = preSolution
		Debug|Any CPU = Debug|Any CPU
		Release|Any CPU = Release|Any CPU
	EndGlobalSection
	GlobalSection(ProjectConfigurationPlatforms) = postSolution
		{3D73BFD8-17E9-48A5-BF32-7C535126CE55}.Debug|Any CPU.ActiveCfg = Debug|Any CPU
		{3D73BFD8-17E9-48A5-BF32-7C535126CE55}.Debug|Any CPU.Build.0 = Debug|Any CPU
		{3D73BFD8-17E9-48A5-BF32-7C535126CE55}.Release|Any CPU.ActiveCfg = Release|Any CPU
		{3D73BFD8-17E9-48A5-BF32-7C535126CE55}.Release|Any CPU.Build.0 = Release|Any CPU
		{B532FBF2-B1FF-49CD-918D-59A2D3054D51}.Debug|Any CPU.ActiveCfg = Debug|Any CPU
		{B532FBF2-B1FF-49CD-918D-59A2D3054D51}.Debug|Any CPU.Build.0 = Debug|Any CPU
		{B532FBF2-B1FF-49CD-918D-59A2D3054D51}.Release|Any CPU.ActiveCfg = Release|Any CPU
		{B532FBF2-B1FF-49CD-918D-59A2D3054D51}.Release|Any CPU.Build.0 = Release|Any CPU
		{C063D6FA-A451-43A1-9B1E-37C8D429F629}.Debug|Any CPU.ActiveCfg = Debug|Any CPU
		{C063D6FA-A451-43A1-9B1E-37C8D429F629}.Debug|Any CPU.Build.0 = Debug|Any CPU
		{C063D6FA-A451-43A1-9B1E-37C8D429F629}.Release|Any CPU.ActiveCfg = Release|Any CPU
		{C063D6FA-A451-43A1-9B1E-37C8D429F629}.Release|Any CPU.Build.0 = Release|Any CPU
		{388B7CB8-21DB-4E99-ACB6-F215FE0B42CD}.Debug|Any CPU.ActiveCfg = Debug|Any CPU
		{388B7CB8-21DB-4E99-ACB6-F215FE0B42CD}.Debug|Any CPU.Build.0 = Debug|Any CPU
		{388B7CB8-21DB-4E99-ACB6-F215FE0B42CD}.Release|Any CPU.ActiveCfg = Release|Any CPU
		{388B7CB8-21DB-4E99-ACB6-F215FE0B42CD}.Release|Any CPU.Build.0 = Release|Any CPU
		{1C19925E-7895-4190-9B19-914CD9E300B8}.Debug|Any CPU.ActiveCfg = Debug|Any CPU
		{1C19925E-7895-4190-9B19-914CD9E300B8}.Debug|Any CPU.Build.0 = Debug|Any CPU
		{1C19925E-7895-4190-9B19-914CD9E300B8}.Release|Any CPU.ActiveCfg = Release|Any CPU
		{1C19925E-7895-4190-9B19-914CD9E300B8}.Release|Any CPU.Build.0 = Release|Any CPU
	EndGlobalSection
	GlobalSection(SolutionProperties) = preSolution
		HideSolutionNode = FALSE
	EndGlobalSection
	GlobalSection(NestedProjects) = preSolution
		{3D73BFD8-17E9-48A5-BF32-7C535126CE55} = {891F02AA-9E12-4D0A-9B38-8F75F97B3EDB}
		{B532FBF2-B1FF-49CD-918D-59A2D3054D51} = {068368E1-5F01-44C6-B26C-CEFC4B1CA891}
		{C063D6FA-A451-43A1-9B1E-37C8D429F629} = {068368E1-5F01-44C6-B26C-CEFC4B1CA891}
		{1C19925E-7895-4190-9B19-914CD9E300B8} = {891F02AA-9E12-4D0A-9B38-8F75F97B3EDB}
	EndGlobalSection
	GlobalSection(ExtensibilityGlobals) = postSolution
		SolutionGuid = {686889E3-9AB8-4585-82E2-DEF608255421}
	EndGlobalSection
EndGlobal
